
Microsoft Visual Studio Solution File, Format Version 12.00
# Visual Studio Version 17
VisualStudioVersion = 17.3.32825.248
MinimumVisualStudioVersion = 10.0.40219.1
Project("{FAE04EC0-301F-11D3-BF4B-00C04F79EFBC}") = "ArcticReflector", "ArcticReflector\ArcticReflector.csproj", "{63AAF65F-C9F9-469A-A7D2-B2BFF86867E5}"
EndProject
Global
	GlobalSection(SolutionConfigurationPlatforms) = preSolution
		Debug|Any CPU = Debug|Any CPU
		Release|Any CPU = Release|Any CPU
	EndGlobalSection
	GlobalSection(ProjectConfigurationPlatforms) = postSolution
		{63AAF65F-C9F9-469A-A7D2-B2BFF86867E5}.Debug|Any CPU.ActiveCfg = Debug|Any CPU
		{63AAF65F-C9F9-469A-A7D2-B2BFF86867E5}.Debug|Any CPU.Build.0 = Debug|Any CPU
		{63AAF65F-C9F9-469A-A7D2-B2BFF86867E5}.Release|Any CPU.ActiveCfg = Release|Any CPU
		{63AAF65F-C9F9-469A-A7D2-B2BFF86867E5}.Release|Any CPU.Build.0 = Release|Any CPU
	EndGlobalSection
	GlobalSection(SolutionProperties) = preSolution
		HideSolutionNode = FALSE
	EndGlobalSection
	GlobalSection(ExtensibilityGlobals) = postSolution
		SolutionGuid = {A6BD808A-9DDB-47E8-A80C-20E04476D994}
	EndGlobalSection
EndGlobal
